
Microsoft Visual Studio Solution File, Format Version 12.00
# Visual Studio Version 17
VisualStudioVersion = 17.1.32210.238
MinimumVisualStudioVersion = 10.0.40219.1
Project("{FAE04EC0-301F-11D3-BF4B-00C04F79EFBC}") = "bank-holidays-api", "bank-holidays-api.csproj", "{43BB6566-2943-4334-83A9-551B73C186FE}"
EndProject
Global
	GlobalSection(SolutionConfigurationPlatforms) = preSolution
		Debug|Any CPU = Debug|Any CPU
		Release|Any CPU = Release|Any CPU
	EndGlobalSection
	GlobalSection(ProjectConfigurationPlatforms) = postSolution
		{43BB6566-2943-4334-83A9-551B73C186FE}.Debug|Any CPU.ActiveCfg = Debug|Any CPU
		{43BB6566-2943-4334-83A9-551B73C186FE}.Debug|Any CPU.Build.0 = Debug|Any CPU
		{43BB6566-2943-4334-83A9-551B73C186FE}.Release|Any CPU.ActiveCfg = Release|Any CPU
		{43BB6566-2943-4334-83A9-551B73C186FE}.Release|Any CPU.Build.0 = Release|Any CPU
	EndGlobalSection
	GlobalSection(SolutionProperties) = preSolution
		HideSolutionNode = FALSE
	EndGlobalSection
	GlobalSection(ExtensibilityGlobals) = postSolution
		SolutionGuid = {59F5C031-6D10-4D94-9D91-8C1F6EED05EC}
	EndGlobalSection
EndGlobal
